
Microsoft Visual Studio Solution File, Format Version 12.00
# Visual Studio Version 16
VisualStudioVersion = 16.0.30413.136
MinimumVisualStudioVersion = 10.0.40219.1
Project("{8BC9CEB8-8B4A-11D0-8D11-00A0C91BC942}") = "약수", "약수\약수.vcxproj", "{F1440003-9A9F-4EB6-8AD0-B7989A1C4203}"
EndProject
Global
	GlobalSection(SolutionConfigurationPlatforms) = preSolution
		Debug|x64 = Debug|x64
		Debug|x86 = Debug|x86
		Release|x64 = Release|x64
		Release|x86 = Release|x86
	EndGlobalSection
	GlobalSection(ProjectConfigurationPlatforms) = postSolution
		{F1440003-9A9F-4EB6-8AD0-B7989A1C4203}.Debug|x64.ActiveCfg = Debug|x64
		{F1440003-9A9F-4EB6-8AD0-B7989A1C4203}.Debug|x64.Build.0 = Debug|x64
		{F1440003-9A9F-4EB6-8AD0-B7989A1C4203}.Debug|x86.ActiveCfg = Debug|Win32
		{F1440003-9A9F-4EB6-8AD0-B7989A1C4203}.Debug|x86.Build.0 = Debug|Win32
		{F1440003-9A9F-4EB6-8AD0-B7989A1C4203}.Release|x64.ActiveCfg = Release|x64
		{F1440003-9A9F-4EB6-8AD0-B7989A1C4203}.Release|x64.Build.0 = Release|x64
		{F1440003-9A9F-4EB6-8AD0-B7989A1C4203}.Release|x86.ActiveCfg = Release|Win32
		{F1440003-9A9F-4EB6-8AD0-B7989A1C4203}.Release|x86.Build.0 = Release|Win32
	EndGlobalSection
	GlobalSection(SolutionProperties) = preSolution
		HideSolutionNode = FALSE
	EndGlobalSection
	GlobalSection(ExtensibilityGlobals) = postSolution
		SolutionGuid = {348F1823-1F13-402A-9DBE-AEE2B56146B7}
	EndGlobalSection
EndGlobal
